
Microsoft Visual Studio Solution File, Format Version 12.00
# Visual Studio 2012
Project("{FAE04EC0-301F-11D3-BF4B-00C04F79EFBC}") = "NCop.Tests", "NCop.Tests\NCop.Tests.csproj", "{1A05073C-E859-4503-9178-54E4267F3BCA}"
EndProject
Project("{FAE04EC0-301F-11D3-BF4B-00C04F79EFBC}") = "NCop.IoC", "NCop.IoC\NCop.IoC.csproj", "{0B598341-32A5-4D5F-A11C-E37E5B4EF65D}"
EndProject
Project("{FAE04EC0-301F-11D3-BF4B-00C04F79EFBC}") = "NCop.Aspects", "NCop.Aspects\NCop.Aspects.csproj", "{302ADD1B-6FDB-4872-BB24-3D783826A91E}"
EndProject
Project("{FAE04EC0-301F-11D3-BF4B-00C04F79EFBC}") = "NCop.Core", "NCop.Core\NCop.Core.csproj", "{EF89677E-7AF0-4C80-B73F-AEA357C5614C}"
EndProject
Project("{FAE04EC0-301F-11D3-BF4B-00C04F79EFBC}") = "NCop.Composite", "NCop.Composite\NCop.Composite.csproj", "{7100C0DF-E619-4AC8-8ED0-048DD118F251}"
EndProject
Project("{FAE04EC0-301F-11D3-BF4B-00C04F79EFBC}") = "NCop.Mixins", "NCop.Mixins\NCop.Mixins.csproj", "{CF04BE7B-D2AF-4218-8317-627CE2EDC3F5}"
EndProject
Project("{FAE04EC0-301F-11D3-BF4B-00C04F79EFBC}") = "NCop.Samples", "NCop.Samples\NCop.Samples.csproj", "{D1CB7668-3BCD-4701-ADEC-08E5A7135B24}"
EndProject
Project("{FAE04EC0-301F-11D3-BF4B-00C04F79EFBC}") = "NCop.IoC.Tests", "NCop.IoC.Tests\NCop.IoC.Tests.csproj", "{DB5F9269-8A4A-4AC5-AF7C-76E4251DF9A7}"
EndProject
Project("{FAE04EC0-301F-11D3-BF4B-00C04F79EFBC}") = "NCop.Weaving", "NCop.Weaving\NCop.Weaving.csproj", "{37218CF8-19A4-4614-9E83-B03375DC421A}"
EndProject
Project("{2150E333-8FDC-42A3-9474-1A3956D46DE8}") = "Futures", "Futures", "{51790C3D-D0C2-436A-BD23-A52D17FE31B8}"
	ProjectSection(SolutionItems) = preProject
		Impl.txt = Impl.txt
	EndProjectSection
EndProject
Project("{FAE04EC0-301F-11D3-BF4B-00C04F79EFBC}") = "NCop.Composite.Tests", "NCop.Composite.Tests\NCop.Composite.Tests.csproj", "{74C691F2-7582-414A-9F1F-009111A5D086}"
EndProject
Global
	GlobalSection(SolutionConfigurationPlatforms) = preSolution
		Debug|Any CPU = Debug|Any CPU
		Debug|Mixed Platforms = Debug|Mixed Platforms
		Debug|x86 = Debug|x86
		MonoTouch|Any CPU = MonoTouch|Any CPU
		MonoTouch|Mixed Platforms = MonoTouch|Mixed Platforms
		MonoTouch|x86 = MonoTouch|x86
		Release|Any CPU = Release|Any CPU
		Release|Mixed Platforms = Release|Mixed Platforms
		Release|x86 = Release|x86
	EndGlobalSection
	GlobalSection(ProjectConfigurationPlatforms) = postSolution
		{1A05073C-E859-4503-9178-54E4267F3BCA}.Debug|Any CPU.ActiveCfg = Debug|Any CPU
		{1A05073C-E859-4503-9178-54E4267F3BCA}.Debug|Any CPU.Build.0 = Debug|Any CPU
		{1A05073C-E859-4503-9178-54E4267F3BCA}.Debug|Mixed Platforms.ActiveCfg = Debug|Any CPU
		{1A05073C-E859-4503-9178-54E4267F3BCA}.Debug|Mixed Platforms.Build.0 = Debug|Any CPU
		{1A05073C-E859-4503-9178-54E4267F3BCA}.Debug|x86.ActiveCfg = Debug|Any CPU
		{1A05073C-E859-4503-9178-54E4267F3BCA}.MonoTouch|Any CPU.ActiveCfg = Release|Any CPU
		{1A05073C-E859-4503-9178-54E4267F3BCA}.MonoTouch|Any CPU.Build.0 = Release|Any CPU
		{1A05073C-E859-4503-9178-54E4267F3BCA}.MonoTouch|Mixed Platforms.ActiveCfg = Release|Any CPU
		{1A05073C-E859-4503-9178-54E4267F3BCA}.MonoTouch|Mixed Platforms.Build.0 = Release|Any CPU
		{1A05073C-E859-4503-9178-54E4267F3BCA}.MonoTouch|x86.ActiveCfg = Release|Any CPU
		{1A05073C-E859-4503-9178-54E4267F3BCA}.Release|Any CPU.ActiveCfg = Release|Any CPU
		{1A05073C-E859-4503-9178-54E4267F3BCA}.Release|Any CPU.Build.0 = Release|Any CPU
		{1A05073C-E859-4503-9178-54E4267F3BCA}.Release|Mixed Platforms.ActiveCfg = Release|Any CPU
		{1A05073C-E859-4503-9178-54E4267F3BCA}.Release|Mixed Platforms.Build.0 = Release|Any CPU
		{1A05073C-E859-4503-9178-54E4267F3BCA}.Release|x86.ActiveCfg = Release|Any CPU
		{0B598341-32A5-4D5F-A11C-E37E5B4EF65D}.Debug|Any CPU.ActiveCfg = Debug|Any CPU
		{0B598341-32A5-4D5F-A11C-E37E5B4EF65D}.Debug|Any CPU.Build.0 = Debug|Any CPU
		{0B598341-32A5-4D5F-A11C-E37E5B4EF65D}.Debug|Mixed Platforms.ActiveCfg = Debug|Any CPU
		{0B598341-32A5-4D5F-A11C-E37E5B4EF65D}.Debug|Mixed Platforms.Build.0 = Debug|Any CPU
		{0B598341-32A5-4D5F-A11C-E37E5B4EF65D}.Debug|x86.ActiveCfg = Debug|Any CPU
		{0B598341-32A5-4D5F-A11C-E37E5B4EF65D}.MonoTouch|Any CPU.ActiveCfg = Release|Any CPU
		{0B598341-32A5-4D5F-A11C-E37E5B4EF65D}.MonoTouch|Any CPU.Build.0 = Release|Any CPU
		{0B598341-32A5-4D5F-A11C-E37E5B4EF65D}.MonoTouch|Mixed Platforms.ActiveCfg = Release|Any CPU
		{0B598341-32A5-4D5F-A11C-E37E5B4EF65D}.MonoTouch|Mixed Platforms.Build.0 = Release|Any CPU
		{0B598341-32A5-4D5F-A11C-E37E5B4EF65D}.MonoTouch|x86.ActiveCfg = Release|Any CPU
		{0B598341-32A5-4D5F-A11C-E37E5B4EF65D}.Release|Any CPU.ActiveCfg = Release|Any CPU
		{0B598341-32A5-4D5F-A11C-E37E5B4EF65D}.Release|Any CPU.Build.0 = Release|Any CPU
		{0B598341-32A5-4D5F-A11C-E37E5B4EF65D}.Release|Mixed Platforms.ActiveCfg = Release|Any CPU
		{0B598341-32A5-4D5F-A11C-E37E5B4EF65D}.Release|Mixed Platforms.Build.0 = Release|Any CPU
		{0B598341-32A5-4D5F-A11C-E37E5B4EF65D}.Release|x86.ActiveCfg = Release|Any CPU
		{302ADD1B-6FDB-4872-BB24-3D783826A91E}.Debug|Any CPU.ActiveCfg = Debug|Any CPU
		{302ADD1B-6FDB-4872-BB24-3D783826A91E}.Debug|Any CPU.Build.0 = Debug|Any CPU
		{302ADD1B-6FDB-4872-BB24-3D783826A91E}.Debug|Mixed Platforms.ActiveCfg = Debug|Any CPU
		{302ADD1B-6FDB-4872-BB24-3D783826A91E}.Debug|Mixed Platforms.Build.0 = Debug|Any CPU
		{302ADD1B-6FDB-4872-BB24-3D783826A91E}.Debug|x86.ActiveCfg = Debug|Any CPU
		{302ADD1B-6FDB-4872-BB24-3D783826A91E}.MonoTouch|Any CPU.ActiveCfg = Release|Any CPU
		{302ADD1B-6FDB-4872-BB24-3D783826A91E}.MonoTouch|Any CPU.Build.0 = Release|Any CPU
		{302ADD1B-6FDB-4872-BB24-3D783826A91E}.MonoTouch|Mixed Platforms.ActiveCfg = Release|Any CPU
		{302ADD1B-6FDB-4872-BB24-3D783826A91E}.MonoTouch|Mixed Platforms.Build.0 = Release|Any CPU
		{302ADD1B-6FDB-4872-BB24-3D783826A91E}.MonoTouch|x86.ActiveCfg = Release|Any CPU
		{302ADD1B-6FDB-4872-BB24-3D783826A91E}.Release|Any CPU.ActiveCfg = Release|Any CPU
		{302ADD1B-6FDB-4872-BB24-3D783826A91E}.Release|Any CPU.Build.0 = Release|Any CPU
		{302ADD1B-6FDB-4872-BB24-3D783826A91E}.Release|Mixed Platforms.ActiveCfg = Release|Any CPU
		{302ADD1B-6FDB-4872-BB24-3D783826A91E}.Release|Mixed Platforms.Build.0 = Release|Any CPU
		{302ADD1B-6FDB-4872-BB24-3D783826A91E}.Release|x86.ActiveCfg = Release|Any CPU
		{EF89677E-7AF0-4C80-B73F-AEA357C5614C}.Debug|Any CPU.ActiveCfg = Debug|Any CPU
		{EF89677E-7AF0-4C80-B73F-AEA357C5614C}.Debug|Any CPU.Build.0 = Debug|Any CPU
		{EF89677E-7AF0-4C80-B73F-AEA357C5614C}.Debug|Mixed Platforms.ActiveCfg = Debug|Any CPU
		{EF89677E-7AF0-4C80-B73F-AEA357C5614C}.Debug|Mixed Platforms.Build.0 = Debug|Any CPU
		{EF89677E-7AF0-4C80-B73F-AEA357C5614C}.Debug|x86.ActiveCfg = Debug|Any CPU
		{EF89677E-7AF0-4C80-B73F-AEA357C5614C}.MonoTouch|Any CPU.ActiveCfg = Release|Any CPU
		{EF89677E-7AF0-4C80-B73F-AEA357C5614C}.MonoTouch|Any CPU.Build.0 = Release|Any CPU
		{EF89677E-7AF0-4C80-B73F-AEA357C5614C}.MonoTouch|Mixed Platforms.ActiveCfg = Release|Any CPU
		{EF89677E-7AF0-4C80-B73F-AEA357C5614C}.MonoTouch|Mixed Platforms.Build.0 = Release|Any CPU
		{EF89677E-7AF0-4C80-B73F-AEA357C5614C}.MonoTouch|x86.ActiveCfg = Release|Any CPU
		{EF89677E-7AF0-4C80-B73F-AEA357C5614C}.Release|Any CPU.ActiveCfg = Release|Any CPU
		{EF89677E-7AF0-4C80-B73F-AEA357C5614C}.Release|Any CPU.Build.0 = Release|Any CPU
		{EF89677E-7AF0-4C80-B73F-AEA357C5614C}.Release|Mixed Platforms.ActiveCfg = Release|Any CPU
		{EF89677E-7AF0-4C80-B73F-AEA357C5614C}.Release|Mixed Platforms.Build.0 = Release|Any CPU
		{EF89677E-7AF0-4C80-B73F-AEA357C5614C}.Release|x86.ActiveCfg = Release|Any CPU
		{7100C0DF-E619-4AC8-8ED0-048DD118F251}.Debug|Any CPU.ActiveCfg = Debug|Any CPU
		{7100C0DF-E619-4AC8-8ED0-048DD118F251}.Debug|Any CPU.Build.0 = Debug|Any CPU
		{7100C0DF-E619-4AC8-8ED0-048DD118F251}.Debug|Mixed Platforms.ActiveCfg = Debug|Any CPU
		{7100C0DF-E619-4AC8-8ED0-048DD118F251}.Debug|Mixed Platforms.Build.0 = Debug|Any CPU
		{7100C0DF-E619-4AC8-8ED0-048DD118F251}.Debug|x86.ActiveCfg = Debug|Any CPU
		{7100C0DF-E619-4AC8-8ED0-048DD118F251}.MonoTouch|Any CPU.ActiveCfg = Release|Any CPU
		{7100C0DF-E619-4AC8-8ED0-048DD118F251}.MonoTouch|Any CPU.Build.0 = Release|Any CPU
		{7100C0DF-E619-4AC8-8ED0-048DD118F251}.MonoTouch|Mixed Platforms.ActiveCfg = Release|Any CPU
		{7100C0DF-E619-4AC8-8ED0-048DD118F251}.MonoTouch|Mixed Platforms.Build.0 = Release|Any CPU
		{7100C0DF-E619-4AC8-8ED0-048DD118F251}.MonoTouch|x86.ActiveCfg = Release|Any CPU
		{7100C0DF-E619-4AC8-8ED0-048DD118F251}.Release|Any CPU.ActiveCfg = Release|Any CPU
		{7100C0DF-E619-4AC8-8ED0-048DD118F251}.Release|Any CPU.Build.0 = Release|Any CPU
		{7100C0DF-E619-4AC8-8ED0-048DD118F251}.Release|Mixed Platforms.ActiveCfg = Release|Any CPU
		{7100C0DF-E619-4AC8-8ED0-048DD118F251}.Release|Mixed Platforms.Build.0 = Release|Any CPU
		{7100C0DF-E619-4AC8-8ED0-048DD118F251}.Release|x86.ActiveCfg = Release|Any CPU
		{CF04BE7B-D2AF-4218-8317-627CE2EDC3F5}.Debug|Any CPU.ActiveCfg = Debug|Any CPU
		{CF04BE7B-D2AF-4218-8317-627CE2EDC3F5}.Debug|Any CPU.Build.0 = Debug|Any CPU
		{CF04BE7B-D2AF-4218-8317-627CE2EDC3F5}.Debug|Mixed Platforms.ActiveCfg = Debug|Any CPU
		{CF04BE7B-D2AF-4218-8317-627CE2EDC3F5}.Debug|Mixed Platforms.Build.0 = Debug|Any CPU
		{CF04BE7B-D2AF-4218-8317-627CE2EDC3F5}.Debug|x86.ActiveCfg = Debug|Any CPU
		{CF04BE7B-D2AF-4218-8317-627CE2EDC3F5}.MonoTouch|Any CPU.ActiveCfg = Release|Any CPU
		{CF04BE7B-D2AF-4218-8317-627CE2EDC3F5}.MonoTouch|Any CPU.Build.0 = Release|Any CPU
		{CF04BE7B-D2AF-4218-8317-627CE2EDC3F5}.MonoTouch|Mixed Platforms.ActiveCfg = Release|Any CPU
		{CF04BE7B-D2AF-4218-8317-627CE2EDC3F5}.MonoTouch|Mixed Platforms.Build.0 = Release|Any CPU
		{CF04BE7B-D2AF-4218-8317-627CE2EDC3F5}.MonoTouch|x86.ActiveCfg = Release|Any CPU
		{CF04BE7B-D2AF-4218-8317-627CE2EDC3F5}.Release|Any CPU.ActiveCfg = Release|Any CPU
		{CF04BE7B-D2AF-4218-8317-627CE2EDC3F5}.Release|Any CPU.Build.0 = Release|Any CPU
		{CF04BE7B-D2AF-4218-8317-627CE2EDC3F5}.Release|Mixed Platforms.ActiveCfg = Release|Any CPU
		{CF04BE7B-D2AF-4218-8317-627CE2EDC3F5}.Release|Mixed Platforms.Build.0 = Release|Any CPU
		{CF04BE7B-D2AF-4218-8317-627CE2EDC3F5}.Release|x86.ActiveCfg = Release|Any CPU
		{D1CB7668-3BCD-4701-ADEC-08E5A7135B24}.Debug|Any CPU.ActiveCfg = Debug|Any CPU
		{D1CB7668-3BCD-4701-ADEC-08E5A7135B24}.Debug|Any CPU.Build.0 = Debug|Any CPU
		{D1CB7668-3BCD-4701-ADEC-08E5A7135B24}.Debug|Mixed Platforms.ActiveCfg = Debug|Any CPU
		{D1CB7668-3BCD-4701-ADEC-08E5A7135B24}.Debug|Mixed Platforms.Build.0 = Debug|Any CPU
		{D1CB7668-3BCD-4701-ADEC-08E5A7135B24}.Debug|x86.ActiveCfg = Debug|Any CPU
		{D1CB7668-3BCD-4701-ADEC-08E5A7135B24}.MonoTouch|Any CPU.ActiveCfg = Release|Any CPU
		{D1CB7668-3BCD-4701-ADEC-08E5A7135B24}.MonoTouch|Any CPU.Build.0 = Release|Any CPU
		{D1CB7668-3BCD-4701-ADEC-08E5A7135B24}.MonoTouch|Mixed Platforms.ActiveCfg = Release|Any CPU
		{D1CB7668-3BCD-4701-ADEC-08E5A7135B24}.MonoTouch|Mixed Platforms.Build.0 = Release|Any CPU
		{D1CB7668-3BCD-4701-ADEC-08E5A7135B24}.MonoTouch|x86.ActiveCfg = Release|Any CPU
		{D1CB7668-3BCD-4701-ADEC-08E5A7135B24}.Release|Any CPU.ActiveCfg = Release|Any CPU
		{D1CB7668-3BCD-4701-ADEC-08E5A7135B24}.Release|Any CPU.Build.0 = Release|Any CPU
		{D1CB7668-3BCD-4701-ADEC-08E5A7135B24}.Release|Mixed Platforms.ActiveCfg = Release|Any CPU
		{D1CB7668-3BCD-4701-ADEC-08E5A7135B24}.Release|Mixed Platforms.Build.0 = Release|Any CPU
		{D1CB7668-3BCD-4701-ADEC-08E5A7135B24}.Release|x86.ActiveCfg = Release|Any CPU
		{DB5F9269-8A4A-4AC5-AF7C-76E4251DF9A7}.Debug|Any CPU.ActiveCfg = Debug|Any CPU
		{DB5F9269-8A4A-4AC5-AF7C-76E4251DF9A7}.Debug|Any CPU.Build.0 = Debug|Any CPU
		{DB5F9269-8A4A-4AC5-AF7C-76E4251DF9A7}.Debug|Mixed Platforms.ActiveCfg = Debug|Any CPU
		{DB5F9269-8A4A-4AC5-AF7C-76E4251DF9A7}.Debug|Mixed Platforms.Build.0 = Debug|Any CPU
		{DB5F9269-8A4A-4AC5-AF7C-76E4251DF9A7}.Debug|x86.ActiveCfg = Debug|Any CPU
		{DB5F9269-8A4A-4AC5-AF7C-76E4251DF9A7}.MonoTouch|Any CPU.ActiveCfg = Release|Any CPU
		{DB5F9269-8A4A-4AC5-AF7C-76E4251DF9A7}.MonoTouch|Any CPU.Build.0 = Release|Any CPU
		{DB5F9269-8A4A-4AC5-AF7C-76E4251DF9A7}.MonoTouch|Mixed Platforms.ActiveCfg = Release|Any CPU
		{DB5F9269-8A4A-4AC5-AF7C-76E4251DF9A7}.MonoTouch|Mixed Platforms.Build.0 = Release|Any CPU
		{DB5F9269-8A4A-4AC5-AF7C-76E4251DF9A7}.MonoTouch|x86.ActiveCfg = Release|Any CPU
		{DB5F9269-8A4A-4AC5-AF7C-76E4251DF9A7}.Release|Any CPU.ActiveCfg = Release|Any CPU
		{DB5F9269-8A4A-4AC5-AF7C-76E4251DF9A7}.Release|Any CPU.Build.0 = Release|Any CPU
		{DB5F9269-8A4A-4AC5-AF7C-76E4251DF9A7}.Release|Mixed Platforms.ActiveCfg = Release|Any CPU
		{DB5F9269-8A4A-4AC5-AF7C-76E4251DF9A7}.Release|Mixed Platforms.Build.0 = Release|Any CPU
		{DB5F9269-8A4A-4AC5-AF7C-76E4251DF9A7}.Release|x86.ActiveCfg = Release|Any CPU
		{37218CF8-19A4-4614-9E83-B03375DC421A}.Debug|Any CPU.ActiveCfg = Debug|Any CPU
		{37218CF8-19A4-4614-9E83-B03375DC421A}.Debug|Any CPU.Build.0 = Debug|Any CPU
		{37218CF8-19A4-4614-9E83-B03375DC421A}.Debug|Mixed Platforms.ActiveCfg = Debug|Any CPU
		{37218CF8-19A4-4614-9E83-B03375DC421A}.Debug|Mixed Platforms.Build.0 = Debug|Any CPU
		{37218CF8-19A4-4614-9E83-B03375DC421A}.Debug|x86.ActiveCfg = Debug|Any CPU
		{37218CF8-19A4-4614-9E83-B03375DC421A}.MonoTouch|Any CPU.ActiveCfg = Release|Any CPU
		{37218CF8-19A4-4614-9E83-B03375DC421A}.MonoTouch|Any CPU.Build.0 = Release|Any CPU
		{37218CF8-19A4-4614-9E83-B03375DC421A}.MonoTouch|Mixed Platforms.ActiveCfg = Release|Any CPU
		{37218CF8-19A4-4614-9E83-B03375DC421A}.MonoTouch|Mixed Platforms.Build.0 = Release|Any CPU
		{37218CF8-19A4-4614-9E83-B03375DC421A}.MonoTouch|x86.ActiveCfg = Release|Any CPU
		{37218CF8-19A4-4614-9E83-B03375DC421A}.Release|Any CPU.ActiveCfg = Release|Any CPU
		{37218CF8-19A4-4614-9E83-B03375DC421A}.Release|Any CPU.Build.0 = Release|Any CPU
		{37218CF8-19A4-4614-9E83-B03375DC421A}.Release|Mixed Platforms.ActiveCfg = Release|Any CPU
		{37218CF8-19A4-4614-9E83-B03375DC421A}.Release|Mixed Platforms.Build.0 = Release|Any CPU
		{37218CF8-19A4-4614-9E83-B03375DC421A}.Release|x86.ActiveCfg = Release|Any CPU
		{74C691F2-7582-414A-9F1F-009111A5D086}.Debug|Any CPU.ActiveCfg = Debug|Any CPU
		{74C691F2-7582-414A-9F1F-009111A5D086}.Debug|Any CPU.Build.0 = Debug|Any CPU
		{74C691F2-7582-414A-9F1F-009111A5D086}.Debug|Mixed Platforms.ActiveCfg = Debug|Any CPU
		{74C691F2-7582-414A-9F1F-009111A5D086}.Debug|Mixed Platforms.Build.0 = Debug|Any CPU
		{74C691F2-7582-414A-9F1F-009111A5D086}.Debug|x86.ActiveCfg = Debug|Any CPU
		{74C691F2-7582-414A-9F1F-009111A5D086}.MonoTouch|Any CPU.ActiveCfg = Release|Any CPU
		{74C691F2-7582-414A-9F1F-009111A5D086}.MonoTouch|Any CPU.Build.0 = Release|Any CPU
		{74C691F2-7582-414A-9F1F-009111A5D086}.MonoTouch|Mixed Platforms.ActiveCfg = Release|Any CPU
		{74C691F2-7582-414A-9F1F-009111A5D086}.MonoTouch|Mixed Platforms.Build.0 = Release|Any CPU
		{74C691F2-7582-414A-9F1F-009111A5D086}.MonoTouch|x86.ActiveCfg = Release|Any CPU
		{74C691F2-7582-414A-9F1F-009111A5D086}.Release|Any CPU.ActiveCfg = Release|Any CPU
		{74C691F2-7582-414A-9F1F-009111A5D086}.Release|Any CPU.Build.0 = Release|Any CPU
		{74C691F2-7582-414A-9F1F-009111A5D086}.Release|Mixed Platforms.ActiveCfg = Release|Any CPU
		{74C691F2-7582-414A-9F1F-009111A5D086}.Release|Mixed Platforms.Build.0 = Release|Any CPU
		{74C691F2-7582-414A-9F1F-009111A5D086}.Release|x86.ActiveCfg = Release|Any CPU
	EndGlobalSection
	GlobalSection(SolutionProperties) = preSolution
		HideSolutionNode = FALSE
	EndGlobalSection
EndGlobal
